
Microsoft Visual Studio Solution File, Format Version 12.00
# Visual Studio Version 16
VisualStudioVersion = 16.0.31005.135
MinimumVisualStudioVersion = 10.0.40219.1
Project("{FAE04EC0-301F-11D3-BF4B-00C04F79EFBC}") = "Aeroport", "Aeroport.csproj", "{C59DCC39-114F-486B-B51E-960A71DCCC10}"
EndProject
Project("{FAE04EC0-301F-11D3-BF4B-00C04F79EFBC}") = "laba4Tests1", "laba4Tests1\laba4Tests1.csproj", "{FD12FBB8-37C8-4CEF-BF28-848955F16A0B}"
EndProject
Global
	GlobalSection(SolutionConfigurationPlatforms) = preSolution
		Debug|Any CPU = Debug|Any CPU
		Release|Any CPU = Release|Any CPU
	EndGlobalSection
	GlobalSection(ProjectConfigurationPlatforms) = postSolution
		{C59DCC39-114F-486B-B51E-960A71DCCC10}.Debug|Any CPU.ActiveCfg = Debug|Any CPU
		{C59DCC39-114F-486B-B51E-960A71DCCC10}.Debug|Any CPU.Build.0 = Debug|Any CPU
		{C59DCC39-114F-486B-B51E-960A71DCCC10}.Release|Any CPU.ActiveCfg = Release|Any CPU
		{C59DCC39-114F-486B-B51E-960A71DCCC10}.Release|Any CPU.Build.0 = Release|Any CPU
		{FD12FBB8-37C8-4CEF-BF28-848955F16A0B}.Debug|Any CPU.ActiveCfg = Debug|Any CPU
		{FD12FBB8-37C8-4CEF-BF28-848955F16A0B}.Debug|Any CPU.Build.0 = Debug|Any CPU
		{FD12FBB8-37C8-4CEF-BF28-848955F16A0B}.Release|Any CPU.ActiveCfg = Release|Any CPU
		{FD12FBB8-37C8-4CEF-BF28-848955F16A0B}.Release|Any CPU.Build.0 = Release|Any CPU
	EndGlobalSection
	GlobalSection(SolutionProperties) = preSolution
		HideSolutionNode = FALSE
	EndGlobalSection
	GlobalSection(ExtensibilityGlobals) = postSolution
		SolutionGuid = {C995D6D1-27E7-41EB-BBF6-A626C23C78DD}
	EndGlobalSection
EndGlobal
